Microsoft Visual Studio Solution File, Format Version 12.00
# Visual Studio Version 17
VisualStudioVersion = 17.5.2.0
MinimumVisualStudioVersion = 10.0.40219.1
Project("{FAE04EC0-301F-11D3-BF4B-00C04F79EFBC}") = "PersonalWebApi", "PersonalWebApi.csproj", "{67927C40-5938-4B31-9B71-CA66FBD5CA66}"
EndProject
Global
	GlobalSection(SolutionConfigurationPlatforms) = preSolution
		Debug|Any CPU = Debug|Any CPU
		Release|Any CPU = Release|Any CPU
	EndGlobalSection
	GlobalSection(ProjectConfigurationPlatforms) = postSolution
		{67927C40-5938-4B31-9B71-CA66FBD5CA66}.Debug|Any CPU.ActiveCfg = Debug|Any CPU
		{67927C40-5938-4B31-9B71-CA66FBD5CA66}.Debug|Any CPU.Build.0 = Debug|Any CPU
		{67927C40-5938-4B31-9B71-CA66FBD5CA66}.Release|Any CPU.ActiveCfg = Release|Any CPU
		{67927C40-5938-4B31-9B71-CA66FBD5CA66}.Release|Any CPU.Build.0 = Release|Any CPU
	EndGlobalSection
	GlobalSection(SolutionProperties) = preSolution
		HideSolutionNode = FALSE
	EndGlobalSection
	GlobalSection(ExtensibilityGlobals) = postSolution
		SolutionGuid = {B51D9FA9-A411-4FB8-BDD3-7EFB68E4386F}
	EndGlobalSection
EndGlobal
